
Microsoft Visual Studio Solution File, Format Version 12.00
# Visual Studio Version 17
VisualStudioVersion = 17.6.33723.286
MinimumVisualStudioVersion = 10.0.40219.1
Project("{8BC9CEB8-8B4A-11D0-8D11-00A0C91BC942}") = "ZadanieSemestralne", "ZadanieSemestralne\ZadanieSemestralne.vcxproj", "{8E67CC6E-E4E3-4D59-8022-AAD201EF9E53}"
EndProject
Global
	GlobalSection(SolutionConfigurationPlatforms) = preSolution
		Debug|x64 = Debug|x64
		Debug|x86 = Debug|x86
		Release|x64 = Release|x64
		Release|x86 = Release|x86
	EndGlobalSection
	GlobalSection(ProjectConfigurationPlatforms) = postSolution
		{8E67CC6E-E4E3-4D59-8022-AAD201EF9E53}.Debug|x64.ActiveCfg = Debug|x64
		{8E67CC6E-E4E3-4D59-8022-AAD201EF9E53}.Debug|x64.Build.0 = Debug|x64
		{8E67CC6E-E4E3-4D59-8022-AAD201EF9E53}.Debug|x86.ActiveCfg = Debug|Win32
		{8E67CC6E-E4E3-4D59-8022-AAD201EF9E53}.Debug|x86.Build.0 = Debug|Win32
		{8E67CC6E-E4E3-4D59-8022-AAD201EF9E53}.Release|x64.ActiveCfg = Release|x64
		{8E67CC6E-E4E3-4D59-8022-AAD201EF9E53}.Release|x64.Build.0 = Release|x64
		{8E67CC6E-E4E3-4D59-8022-AAD201EF9E53}.Release|x86.ActiveCfg = Release|Win32
		{8E67CC6E-E4E3-4D59-8022-AAD201EF9E53}.Release|x86.Build.0 = Release|Win32
	EndGlobalSection
	GlobalSection(SolutionProperties) = preSolution
		HideSolutionNode = FALSE
	EndGlobalSection
	GlobalSection(ExtensibilityGlobals) = postSolution
		SolutionGuid = {88E16CCA-38F5-40BC-AB2B-98B03AAA7A59}
	EndGlobalSection
EndGlobal
